{
    "name": "validation",
    "version": "1.0.0",
    "lockfileVersion": 3,
    "requires": true,
    "packages": {
        "": {
            "name": "validation",
            "version": "1.0.0",
            "license": "UNLICENSED",
            "dependencies": {
                "common-types": "file:../common-types",
                "zod": "^3.22.4"
            },
            "devDependencies": {
                "typescript": "^5.3.3"
            }
        },
        "../common-types": {
            "version": "1.0.0",
            "license": "UNLICENSED",
            "devDependencies": {
                "typescript": "^5.1.0"
            }
        },
        "node_modules/common-types": {
            "resolved": "../common-types",
            "link": true
        },
        "node_modules/typescript": {
            "version": "5.8.3",
            "resolved": "https://registry.npmjs.org/typescript/-/typescript-5.8.3.tgz",
            "integrity": "sha512-p1diW6TqL9L07nNxvRMM7hMMw4c5XOo/1ibL4aAIGmSAt9slTE1Xgw5KWuof2uTOvCg9BY7ZRi+GaF+7sfgPeQ==",
            "dev": true,
            "license": "Apache-2.0",
            "bin": {
                "tsc": "bin/tsc",
                "tsserver": "bin/tsserver"
            },
            "engines": {
                "node": ">=14.17"
            }
        },
        "node_modules/zod": {
            "version": "3.25.32",
            "resolved": "https://registry.npmjs.org/zod/-/zod-3.25.32.tgz",
            "integrity": "sha512-OSm2xTIRfW8CV5/QKgngwmQW/8aPfGdaQFlrGoErlgg/Epm7cjb6K6VEyExfe65a3VybUOnu381edLb0dfJl0g==",
            "license": "MIT",
            "funding": {
                "url": "https://github.com/sponsors/colinhacks"
            }
        }
    }
}
